// !$*UTF8*$!
{
	archiveVersion = 1;
	classes = {
	};
	objectVersion = 46;
	objects = {

/* Begin PBXBuildFile section */
		ED9A54CC1F68152D00E84517 /* WebViewController.m in Sources */ = {isa = PBXBuildFile; fileRef = ED9A54CB1F68152D00E84517 /* WebViewController.m */; };
		ED9A54CF1F68314F00E84517 /* BlankViewController.m in Sources */ = {isa = PBXBuildFile; fileRef = ED9A54CE1F68314F00E84517 /* BlankViewController.m */; };
		EDA645EB1F526E5C00782312 /* main.m in Sources */ = {isa = PBXBuildFile; fileRef = EDA645EA1F526E5C00782312 /* main.m */; };
		EDA645EE1F526E5C00782312 /* AppDelegate.m in Sources */ = {isa = PBXBuildFile; fileRef = EDA645ED1F526E5C00782312 /* AppDelegate.m */; };
		EDA645F11F526E5C00782312 /* ViewController.m in Sources */ = {isa = PBXBuildFile; fileRef = EDA645F01F526E5C00782312 /* ViewController.m */; };
		EDA645F41F526E5C00782312 /* Main.storyboard in Resources */ = {isa = PBXBuildFile; fileRef = EDA645F21F526E5C00782312 /* Main.storyboard */; };
		EDA645F61F526E5C00782312 /* Assets.xcassets in Resources */ = {isa = PBXBuildFile; fileRef = EDA645F51F526E5C00782312 /* Assets.xcassets */; };
		EDA645F91F526E5C00782312 /* LaunchScreen.storyboard in Resources */ = {isa = PBXBuildFile; fileRef = EDA645F71F526E5C00782312 /* LaunchScreen.storyboard */; };
/* End PBXBuildFile section */

/* Begin PBXFileReference section */
		ED9A54CA1F68152D00E84517 /* WebViewController.h */ = {isa = PBXFileReference; fileEncoding = 4; lastKnownFileType = sourcecode.c.h; path = WebViewController.h; sourceTree = "<group>"; };
		ED9A54CB1F68152D00E84517 /* WebViewController.m */ = {isa = PBXFileReference; fileEncoding = 4; lastKnownFileType = sourcecode.c.objc; path = WebViewController.m; sourceTree = "<group>"; };
		ED9A54CD1F68314F00E84517 /* BlankViewController.h */ = {isa = PBXFileReference; fileEncoding = 4; lastKnownFileType = sourcecode.c.h; path = BlankViewController.h; sourceTree = "<group>"; };
		ED9A54CE1F68314F00E84517 /* BlankViewController.m */ = {isa = PBXFileReference; fileEncoding = 4; lastKnownFileType = sourcecode.c.objc; path = BlankViewController.m; sourceTree = "<group>"; };
		EDA645E61F526E5C00782312 /* waterdetection.app */ = {isa = PBXFileReference; explicitFileType = wrapper.application; includeInIndex = 0; path = waterdetection.app; sourceTree = BUILT_PRODUCTS_DIR; };
		EDA645EA1F526E5C00782312 /* main.m */ = {isa = PBXFileReference; lastKnownFileType = sourcecode.c.objc; path = main.m; sourceTree = "<group>"; };
		EDA645EC1F526E5C00782312 /* AppDelegate.h */ = {isa = PBXFileReference; lastKnownFileType = sourcecode.c.h; path = AppDelegate.h; sourceTree = "<group>"; };
		EDA645ED1F526E5C00782312 /* AppDelegate.m */ = {isa = PBXFileReference; lastKnownFileType = sourcecode.c.objc; path = AppDelegate.m; sourceTree = "<group>"; };
		EDA645EF1F526E5C00782312 /* ViewController.h */ = {isa = PBXFileReference; lastKnownFileType = sourcecode.c.h; path = ViewController.h; sourceTree = "<group>"; };
		EDA645F01F526E5C00782312 /* ViewController.m */ = {isa = PBXFileReference; lastKnownFileType = sourcecode.c.objc; path = ViewController.m; sourceTree = "<group>"; };
		EDA645F31F526E5C00782312 /* Base */ = {isa = PBXFileReference; lastKnownFileType = file.storyboard; name = Base; path = Base.lproj/Main.storyboard; sourceTree = "<group>"; };
		EDA645F51F526E5C00782312 /* Assets.xcassets */ = {isa = PBXFileReference; lastKnownFileType = folder.assetcatalog; path = Assets.xcassets; sourceTree = "<group>"; };
		EDA645F81F526E5C00782312 /* Base */ = {isa = PBXFileReference; lastKnownFileType = file.storyboard; name = Base; path = Base.lproj/LaunchScreen.storyboard; sourceTree = "<group>"; };
		EDA645FA1F526E5C00782312 /* Info.plist */ = {isa = PBXFileReference; lastKnownFileType = text.plist.xml; path = Info.plist; sourceTree = "<group>"; };
/* End PBXFileReference section */

/* Begin PBXFrameworksBuildPhase section */
		EDA645E31F526E5C00782312 /* Frameworks */ = {
			isa = PBXFrameworksBuildPhase;
			buildActionMask = 2147483647;
			files = (
			);
			runOnlyForDeploymentPostprocessing = 0;
		};
/* End PBXFrameworksBuildPhase section */

/* Begin PBXGroup section */
		EDA645DD1F526E5C00782312 = {
			isa = PBXGroup;
			children = (
				EDA645E81F526E5C00782312 /* waterdetection */,
				EDA645E71F526E5C00782312 /* Products */,
			);
			sourceTree = "<group>";
		};
		EDA645E71F526E5C00782312 /* Products */ = {
			isa = PBXGroup;
			children = (
				EDA645E61F526E5C00782312 /* waterdetection.app */,
			);
			name = Products;
			sourceTree = "<group>";
		};
		EDA645E81F526E5C00782312 /* waterdetection */ = {
			isa = PBXGroup;
			children = (
				EDA645EC1F526E5C00782312 /* AppDelegate.h */,
				EDA645ED1F526E5C00782312 /* AppDelegate.m */,
				EDA645EF1F526E5C00782312 /* ViewController.h */,
				EDA645F01F526E5C00782312 /* ViewController.m */,
				EDA645F21F526E5C00782312 /* Main.storyboard */,
				EDA645F51F526E5C00782312 /* Assets.xcassets */,
				EDA645F71F526E5C00782312 /* LaunchScreen.storyboard */,
				EDA645FA1F526E5C00782312 /* Info.plist */,
				EDA645E91F526E5C00782312 /* Supporting Files */,
				ED9A54CA1F68152D00E84517 /* WebViewController.h */,
				ED9A54CB1F68152D00E84517 /* WebViewController.m */,
				ED9A54CD1F68314F00E84517 /* BlankViewController.h */,
				ED9A54CE1F68314F00E84517 /* BlankViewController.m */,
			);
			path = waterdetection;
			sourceTree = "<group>";
		};
		EDA645E91F526E5C00782312 /* Supporting Files */ = {
			isa = PBXGroup;
			children = (
				EDA645EA1F526E5C00782312 /* main.m */,
			);
			name = "Supporting Files";
			sourceTree = "<group>";
		};
/* End PBXGroup section */

/* Begin PBXNativeTarget section */
		EDA645E51F526E5C00782312 /* waterdetection */ = {
			isa = PBXNativeTarget;
			buildConfigurationList = EDA645FD1F526E5C00782312 /* Build configuration list for PBXNativeTarget "waterdetection" */;
			buildPhases = (
				EDA645E21F526E5C00782312 /* Sources */,
				EDA645E31F526E5C00782312 /* Frameworks */,
				EDA645E41F526E5C00782312 /* Resources */,
			);
			buildRules = (
			);
			dependencies = (
			);
			name = waterdetection;
			productName = waterdetection;
			productReference = EDA645E61F526E5C00782312 /* waterdetection.app */;
			productType = "com.apple.product-type.application";
		};
/* End PBXNativeTarget section */

/* Begin PBXProject section */
		EDA645DE1F526E5C00782312 /* Project object */ = {
			isa = PBXProject;
			attributes = {
				LastUpgradeCheck = 0830;
				ORGANIZATIONNAME = "Lin Kuan Yu";
				TargetAttributes = {
					EDA645E51F526E5C00782312 = {
						CreatedOnToolsVersion = 8.3.3;
						ProvisioningStyle = Automatic;
					};
				};
			};
			buildConfigurationList = EDA645E11F526E5C00782312 /* Build configuration list for PBXProject "waterdetection" */;
			compatibilityVersion = "Xcode 3.2";
			developmentRegion = English;
			hasScannedForEncodings = 0;
			knownRegions = (
				en,
				Base,
			);
			mainGroup = EDA645DD1F526E5C00782312;
			productRefGroup = EDA645E71F526E5C00782312 /* Products */;
			projectDirPath = "";
			projectRoot = "";
			targets = (
				EDA645E51F526E5C00782312 /* waterdetection */,
			);
		};
/* End PBXProject section */

/* Begin PBXResourcesBuildPhase section */
		EDA645E41F526E5C00782312 /* Resources */ = {
			isa = PBXResourcesBuildPhase;
			buildActionMask = 2147483647;
			files = (
				EDA645F91F526E5C00782312 /* LaunchScreen.storyboard in Resources */,
				EDA645F61F526E5C00782312 /* Assets.xcassets in Resources */,
				EDA645F41F526E5C00782312 /* Main.storyboard in Resources */,
			);
			runOnlyForDeploymentPostprocessing = 0;
		};
/* End PBXResourcesBuildPhase section */

/* Begin PBXSourcesBuildPhase section */
		EDA645E21F526E5C00782312 /* Sources */ = {
			isa = PBXSourcesBuildPhase;
			buildActionMask = 2147483647;
			files = (
				EDA645F11F526E5C00782312 /* ViewController.m in Sources */,
				EDA645EE1F526E5C00782312 /* AppDelegate.m in Sources */,
				EDA645EB1F526E5C00782312 /* main.m in Sources */,
				ED9A54CC1F68152D00E84517 /* WebViewController.m in Sources */,
				ED9A54CF1F68314F00E84517 /* BlankViewController.m in Sources */,
			);
			runOnlyForDeploymentPostprocessing = 0;
		};
/* End PBXSourcesBuildPhase section */

/* Begin PBXVariantGroup section */
		EDA645F21F526E5C00782312 /* Main.storyboard */ = {
			isa = PBXVariantGroup;
			children = (
				EDA645F31F526E5C00782312 /* Base */,
			);
			name = Main.storyboard;
			sourceTree = "<group>";
		};
		EDA645F71F526E5C00782312 /* LaunchScreen.storyboard */ = {
			isa = PBXVariantGroup;
			children = (
				EDA645F81F526E5C00782312 /* Base */,
			);
			name = LaunchScreen.storyboard;
			sourceTree = "<group>";
		};
/* End PBXVariantGroup section */

/* Begin XCBuildConfiguration section */
		EDA645FB1F526E5C00782312 /* Debug */ = {
			isa = XCBuildConfiguration;
			buildSettings = {
				ALWAYS_SEARCH_USER_PATHS = NO;
				CLANG_ANALYZER_NONNULL = YES;
				CLANG_ANALYZER_NUMBER_OBJECT_CONVERSION = YES_AGGRESSIVE;
				CLANG_CXX_LANGUAGE_STANDARD = "gnu++0x";
				CLANG_CXX_LIBRARY = "libc++";
				CLANG_ENABLE_MODULES = YES;
				CLANG_ENABLE_OBJC_ARC = YES;
				CLANG_WARN_BOOL_CONVERSION = YES;
				CLANG_WARN_CONSTANT_CONVERSION = YES;
				CLANG_WARN_DIRECT_OBJC_ISA_USAGE = YES_ERROR;
				CLANG_WARN_DOCUMENTATION_COMMENTS = YES;
				CLANG_WARN_EMPTY_BODY = YES;
				CLANG_WARN_ENUM_CONVERSION = YES;
				CLANG_WARN_INFINITE_RECURSION = YES;
				CLANG_WARN_INT_CONVERSION = YES;
				CLANG_WARN_OBJC_ROOT_CLASS = YES_ERROR;
				CLANG_WARN_SUSPICIOUS_MOVE = YES;
				CLANG_WARN_UNREACHABLE_CODE = YES;
				CLANG_WARN__DUPLICATE_METHOD_MATCH = YES;
				"CODE_SIGN_IDENTITY[sdk=iphoneos*]" = "iPhone Developer";
				COPY_PHASE_STRIP = NO;
				DEBUG_INFORMATION_FORMAT = dwarf;
				ENABLE_STRICT_OBJC_MSGSEND = YES;
				ENABLE_TESTABILITY = YES;
				GCC_C_LANGUAGE_STANDARD = gnu99;
				GCC_DYNAMIC_NO_PIC = NO;
				GCC_NO_COMMON_BLOCKS = YES;
				GCC_OPTIMIZATION_LEVEL = 0;
				GCC_PREPROCESSOR_DEFINITIONS = (
					"DEBUG=1",
					"$(inherited)",
				);
				GCC_WARN_64_TO_32_BIT_CONVERSION = YES;
				GCC_WARN_ABOUT_RETURN_TYPE = YES_ERROR;
				GCC_WARN_UNDECLARED_SELECTOR = YES;
				GCC_WARN_UNINITIALIZED_AUTOS = YES_AGGRESSIVE;
				GCC_WARN_UNUSED_FUNCTION = YES;
				GCC_WARN_UNUSED_VARIABLE = YES;
				IPHONEOS_DEPLOYMENT_TARGET = 10.3;
				MTL_ENABLE_DEBUG_INFO = YES;
				ONLY_ACTIVE_ARCH = YES;
				SDKROOT = iphoneos;
			};
			name = Debug;
		};
		EDA645FC1F526E5C00782312 /* Release */ = {
			isa = XCBuildConfiguration;
			buildSettings = {
				ALWAYS_SEARCH_USER_PATHS = NO;
				CLANG_ANALYZER_NONNULL = YES;
				CLANG_ANALYZER_NUMBER_OBJECT_CONVERSION = YES_AGGRESSIVE;
				CLANG_CXX_LANGUAGE_STANDARD = "gnu++0x";
				CLANG_CXX_LIBRARY = "libc++";
				CLANG_ENABLE_MODULES = YES;
				CLANG_ENABLE_OBJC_ARC = YES;
				CLANG_WARN_BOOL_CONVERSION = YES;
				CLANG_WARN_CONSTANT_CONVERSION = YES;
				CLANG_WARN_DIRECT_OBJC_ISA_USAGE = YES_ERROR;
				CLANG_WARN_DOCUMENTATION_COMMENTS = YES;
				CLANG_WARN_EMPTY_BODY = YES;
				CLANG_WARN_ENUM_CONVERSION = YES;
				CLANG_WARN_INFINITE_RECURSION = YES;
				CLANG_WARN_INT_CONVERSION = YES;
				CLANG_WARN_OBJC_ROOT_CLASS = YES_ERROR;
				CLANG_WARN_SUSPICIOUS_MOVE = YES;
				CLANG_WARN_UNREACHABLE_CODE = YES;
				CLANG_WARN__DUPLICATE_METHOD_MATCH = YES;
				"CODE_SIGN_IDENTITY[sdk=iphoneos*]" = "iPhone Developer";
				COPY_PHASE_STRIP = NO;
				DEBUG_INFORMATION_FORMAT = "dwarf-with-dsym";
				ENABLE_NS_ASSERTIONS = NO;
				ENABLE_STRICT_OBJC_MSGSEND = YES;
				GCC_C_LANGUAGE_STANDARD = gnu99;
				GCC_NO_COMMON_BLOCKS = YES;
				GCC_WARN_64_TO_32_BIT_CONVERSION = YES;
				GCC_WARN_ABOUT_RETURN_TYPE = YES_ERROR;
				GCC_WARN_UNDECLARED_SELECTOR = YES;
				GCC_WARN_UNINITIALIZED_AUTOS = YES_AGGRESSIVE;
				GCC_WARN_UNUSED_FUNCTION = YES;
				GCC_WARN_UNUSED_VARIABLE = YES;
				IPHONEOS_DEPLOYMENT_TARGET = 10.3;
				MTL_ENABLE_DEBUG_INFO = NO;
				SDKROOT = iphoneos;
				VALIDATE_PRODUCT = YES;
			};
			name = Release;
		};
		EDA645FE1F526E5C00782312 /* Debug */ = {
			isa = XCBuildConfiguration;
			buildSettings = {
				ASSETCATALOG_COMPILER_APPICON_NAME = AppIcon;
				INFOPLIST_FILE = waterdetection/Info.plist;
				LD_RUNPATH_SEARCH_PATHS = "$(inherited) @executable_path/Frameworks";
				PRODUCT_BUNDLE_IDENTIFIER = pun.waterdetection;
				PRODUCT_NAME = "$(TARGET_NAME)";
			};
			name = Debug;
		};
		EDA645FF1F526E5C00782312 /* Release */ = {
			isa = XCBuildConfiguration;
			buildSettings = {
				ASSETCATALOG_COMPILER_APPICON_NAME = AppIcon;
				INFOPLIST_FILE = waterdetection/Info.plist;
				LD_RUNPATH_SEARCH_PATHS = "$(inherited) @executable_path/Frameworks";
				PRODUCT_BUNDLE_IDENTIFIER = pun.waterdetection;
				PRODUCT_NAME = "$(TARGET_NAME)";
			};
			name = Release;
		};
/* End XCBuildConfiguration section */

/* Begin XCConfigurationList section */
		EDA645E11F526E5C00782312 /* Build configuration list for PBXProject "waterdetection" */ = {
			isa = XCConfigurationList;
			buildConfigurations = (
				EDA645FB1F526E5C00782312 /* Debug */,
				EDA645FC1F526E5C00782312 /* Release */,
			);
			defaultConfigurationIsVisible = 0;
			defaultConfigurationName = Release;
		};
		EDA645FD1F526E5C00782312 /* Build configuration list for PBXNativeTarget "waterdetection" */ = {
			isa = XCConfigurationList;
			buildConfigurations = (
				EDA645FE1F526E5C00782312 /* Debug */,
				EDA645FF1F526E5C00782312 /* Release */,
			);
			defaultConfigurationIsVisible = 0;
			defaultConfigurationName = Release;
		};
/* End XCConfigurationList section */
	};
	rootObject = EDA645DE1F526E5C00782312 /* Project object */;
}
